// !$*UTF8*$!
{
	archiveVersion = 1;
	classes = {
	};
	objectVersion = 56;
	objects = {

/* Begin PBXBuildFile section */
		E199107D29A73E5F0062C20B /* PethApp.swift in Sources */ = {isa = PBXBuildFile; fileRef = E199107C29A73E5F0062C20B /* PethApp.swift */; };
		E199107F29A73E5F0062C20B /* ContentView.swift in Sources */ = {isa = PBXBuildFile; fileRef = E199107E29A73E5F0062C20B /* ContentView.swift */; };
		E199108129A73E610062C20B /* Assets.xcassets in Resources */ = {isa = PBXBuildFile; fileRef = E199108029A73E610062C20B /* Assets.xcassets */; };
		E199108429A73E610062C20B /* Preview Assets.xcassets in Resources */ = {isa = PBXBuildFile; fileRef = E199108329A73E610062C20B /* Preview Assets.xcassets */; };
		E199109029A741090062C20B /* KeyChainFlowContext.swift in Sources */ = {isa = PBXBuildFile; fileRef = E199108B29A741080062C20B /* KeyChainFlowContext.swift */; };
		E199109129A741090062C20B /* RNCryptor.swift in Sources */ = {isa = PBXBuildFile; fileRef = E199108D29A741090062C20B /* RNCryptor.swift */; };
		E199109229A741090062C20B /* KeyChainStorage.swift in Sources */ = {isa = PBXBuildFile; fileRef = E199108F29A741090062C20B /* KeyChainStorage.swift */; };
		E199109529A741260062C20B /* KeychainSwift in Frameworks */ = {isa = PBXBuildFile; productRef = E199109429A741260062C20B /* KeychainSwift */; };
		E199109829A741430062C20B /* web3swift in Frameworks */ = {isa = PBXBuildFile; productRef = E199109729A741430062C20B /* web3swift */; };
/* End PBXBuildFile section */

/* Begin PBXFileReference section */
		E199107929A73E5F0062C20B /* Peth.app */ = {isa = PBXFileReference; explicitFileType = wrapper.application; includeInIndex = 0; path = Peth.app; sourceTree = BUILT_PRODUCTS_DIR; };
		E199107C29A73E5F0062C20B /* PethApp.swift */ = {isa = PBXFileReference; lastKnownFileType = sourcecode.swift; path = PethApp.swift; sourceTree = "<group>"; };
		E199107E29A73E5F0062C20B /* ContentView.swift */ = {isa = PBXFileReference; lastKnownFileType = sourcecode.swift; path = ContentView.swift; sourceTree = "<group>"; };
		E199108029A73E610062C20B /* Assets.xcassets */ = {isa = PBXFileReference; lastKnownFileType = folder.assetcatalog; path = Assets.xcassets; sourceTree = "<group>"; };
		E199108329A73E610062C20B /* Preview Assets.xcassets */ = {isa = PBXFileReference; lastKnownFileType = folder.assetcatalog; path = "Preview Assets.xcassets"; sourceTree = "<group>"; };
		E199108B29A741080062C20B /* KeyChainFlowContext.swift */ = {isa = PBXFileReference; fileEncoding = 4; lastKnownFileType = sourcecode.swift; path = KeyChainFlowContext.swift; sourceTree = "<group>"; };
		E199108D29A741090062C20B /* RNCryptor.swift */ = {isa = PBXFileReference; fileEncoding = 4; lastKnownFileType = sourcecode.swift; path = RNCryptor.swift; sourceTree = "<group>"; };
		E199108F29A741090062C20B /* KeyChainStorage.swift */ = {isa = PBXFileReference; fileEncoding = 4; lastKnownFileType = sourcecode.swift; path = KeyChainStorage.swift; sourceTree = "<group>"; };
/* End PBXFileReference section */

/* Begin PBXFrameworksBuildPhase section */
		E199107629A73E5F0062C20B /* Frameworks */ = {
			isa = PBXFrameworksBuildPhase;
			buildActionMask = 2147483647;
			files = (
				E199109529A741260062C20B /* KeychainSwift in Frameworks */,
				E199109829A741430062C20B /* web3swift in Frameworks */,
			);
			runOnlyForDeploymentPostprocessing = 0;
		};
/* End PBXFrameworksBuildPhase section */

/* Begin PBXGroup section */
		E199107029A73E5F0062C20B = {
			isa = PBXGroup;
			children = (
				E199107B29A73E5F0062C20B /* Peth */,
				E199107A29A73E5F0062C20B /* Products */,
			);
			sourceTree = "<group>";
		};
		E199107A29A73E5F0062C20B /* Products */ = {
			isa = PBXGroup;
			children = (
				E199107929A73E5F0062C20B /* Peth.app */,
			);
			name = Products;
			sourceTree = "<group>";
		};
		E199107B29A73E5F0062C20B /* Peth */ = {
			isa = PBXGroup;
			children = (
				E199108A29A741080062C20B /* FlowContexts */,
				E199108C29A741090062C20B /* Sources */,
				E199108E29A741090062C20B /* Storage */,
				E199107C29A73E5F0062C20B /* PethApp.swift */,
				E199107E29A73E5F0062C20B /* ContentView.swift */,
				E199108029A73E610062C20B /* Assets.xcassets */,
				E199108229A73E610062C20B /* Preview Content */,
			);
			path = Peth;
			sourceTree = "<group>";
		};
		E199108229A73E610062C20B /* Preview Content */ = {
			isa = PBXGroup;
			children = (
				E199108329A73E610062C20B /* Preview Assets.xcassets */,
			);
			path = "Preview Content";
			sourceTree = "<group>";
		};
		E199108A29A741080062C20B /* FlowContexts */ = {
			isa = PBXGroup;
			children = (
				E199108B29A741080062C20B /* KeyChainFlowContext.swift */,
			);
			path = FlowContexts;
			sourceTree = "<group>";
		};
		E199108C29A741090062C20B /* Sources */ = {
			isa = PBXGroup;
			children = (
				E199108D29A741090062C20B /* RNCryptor.swift */,
			);
			path = Sources;
			sourceTree = "<group>";
		};
		E199108E29A741090062C20B /* Storage */ = {
			isa = PBXGroup;
			children = (
				E199108F29A741090062C20B /* KeyChainStorage.swift */,
			);
			path = Storage;
			sourceTree = "<group>";
		};
/* End PBXGroup section */

/* Begin PBXNativeTarget section */
		E199107829A73E5F0062C20B /* Peth */ = {
			isa = PBXNativeTarget;
			buildConfigurationList = E199108729A73E610062C20B /* Build configuration list for PBXNativeTarget "Peth" */;
			buildPhases = (
				E199107529A73E5F0062C20B /* Sources */,
				E199107629A73E5F0062C20B /* Frameworks */,
				E199107729A73E5F0062C20B /* Resources */,
			);
			buildRules = (
			);
			dependencies = (
			);
			name = Peth;
			packageProductDependencies = (
				E199109429A741260062C20B /* KeychainSwift */,
				E199109729A741430062C20B /* web3swift */,
			);
			productName = Peth;
			productReference = E199107929A73E5F0062C20B /* Peth.app */;
			productType = "com.apple.product-type.application";
		};
/* End PBXNativeTarget section */

/* Begin PBXProject section */
		E199107129A73E5F0062C20B /* Project object */ = {
			isa = PBXProject;
			attributes = {
				BuildIndependentTargetsInParallel = 1;
				LastSwiftUpdateCheck = 1400;
				LastUpgradeCheck = 1400;
				TargetAttributes = {
					E199107829A73E5F0062C20B = {
						CreatedOnToolsVersion = 14.0;
					};
				};
			};
			buildConfigurationList = E199107429A73E5F0062C20B /* Build configuration list for PBXProject "Peth" */;
			compatibilityVersion = "Xcode 14.0";
			developmentRegion = en;
			hasScannedForEncodings = 0;
			knownRegions = (
				en,
				Base,
			);
			mainGroup = E199107029A73E5F0062C20B;
			packageReferences = (
				E199109329A741260062C20B /* XCRemoteSwiftPackageReference "keychain-swift" */,
				E199109629A741430062C20B /* XCRemoteSwiftPackageReference "web3swift" */,
			);
			productRefGroup = E199107A29A73E5F0062C20B /* Products */;
			projectDirPath = "";
			projectRoot = "";
			targets = (
				E199107829A73E5F0062C20B /* Peth */,
			);
		};
/* End PBXProject section */

/* Begin PBXResourcesBuildPhase section */
		E199107729A73E5F0062C20B /* Resources */ = {
			isa = PBXResourcesBuildPhase;
			buildActionMask = 2147483647;
			files = (
				E199108429A73E610062C20B /* Preview Assets.xcassets in Resources */,
				E199108129A73E610062C20B /* Assets.xcassets in Resources */,
			);
			runOnlyForDeploymentPostprocessing = 0;
		};
/* End PBXResourcesBuildPhase section */

/* Begin PBXSourcesBuildPhase section */
		E199107529A73E5F0062C20B /* Sources */ = {
			isa = PBXSourcesBuildPhase;
			buildActionMask = 2147483647;
			files = (
				E199109229A741090062C20B /* KeyChainStorage.swift in Sources */,
				E199107F29A73E5F0062C20B /* ContentView.swift in Sources */,
				E199109129A741090062C20B /* RNCryptor.swift in Sources */,
				E199107D29A73E5F0062C20B /* PethApp.swift in Sources */,
				E199109029A741090062C20B /* KeyChainFlowContext.swift in Sources */,
			);
			runOnlyForDeploymentPostprocessing = 0;
		};
/* End PBXSourcesBuildPhase section */

/* Begin XCBuildConfiguration section */
		E199108529A73E610062C20B /* Debug */ = {
			isa = XCBuildConfiguration;
			buildSettings = {
				ALWAYS_SEARCH_USER_PATHS = NO;
				CLANG_ANALYZER_NONNULL = YES;
				CLANG_ANALYZER_NUMBER_OBJECT_CONVERSION = YES_AGGRESSIVE;
				CLANG_CXX_LANGUAGE_STANDARD = "gnu++20";
				CLANG_ENABLE_MODULES = YES;
				CLANG_ENABLE_OBJC_ARC = YES;
				CLANG_ENABLE_OBJC_WEAK = YES;
				CLANG_WARN_BLOCK_CAPTURE_AUTORELEASING = YES;
				CLANG_WARN_BOOL_CONVERSION = YES;
				CLANG_WARN_COMMA = YES;
				CLANG_WARN_CONSTANT_CONVERSION = YES;
				CLANG_WARN_DEPRECATED_OBJC_IMPLEMENTATIONS = YES;
				CLANG_WARN_DIRECT_OBJC_ISA_USAGE = YES_ERROR;
				CLANG_WARN_DOCUMENTATION_COMMENTS = YES;
				CLANG_WARN_EMPTY_BODY = YES;
				CLANG_WARN_ENUM_CONVERSION = YES;
				CLANG_WARN_INFINITE_RECURSION = YES;
				CLANG_WARN_INT_CONVERSION = YES;
				CLANG_WARN_NON_LITERAL_NULL_CONVERSION = YES;
				CLANG_WARN_OBJC_IMPLICIT_RETAIN_SELF = YES;
				CLANG_WARN_OBJC_LITERAL_CONVERSION = YES;
				CLANG_WARN_OBJC_ROOT_CLASS = YES_ERROR;
				CLANG_WARN_QUOTED_INCLUDE_IN_FRAMEWORK_HEADER = YES;
				CLANG_WARN_RANGE_LOOP_ANALYSIS = YES;
				CLANG_WARN_STRICT_PROTOTYPES = YES;
				CLANG_WARN_SUSPICIOUS_MOVE = YES;
				CLANG_WARN_UNGUARDED_AVAILABILITY = YES_AGGRESSIVE;
				CLANG_WARN_UNREACHABLE_CODE = YES;
				CLANG_WARN__DUPLICATE_METHOD_MATCH = YES;
				COPY_PHASE_STRIP = NO;
				DEBUG_INFORMATION_FORMAT = dwarf;
				ENABLE_STRICT_OBJC_MSGSEND = YES;
				ENABLE_TESTABILITY = YES;
				GCC_C_LANGUAGE_STANDARD = gnu11;
				GCC_DYNAMIC_NO_PIC = NO;
				GCC_NO_COMMON_BLOCKS = YES;
				GCC_OPTIMIZATION_LEVEL = 0;
				GCC_PREPROCESSOR_DEFINITIONS = (
					"DEBUG=1",
					"$(inherited)",
				);
				GCC_WARN_64_TO_32_BIT_CONVERSION = YES;
				GCC_WARN_ABOUT_RETURN_TYPE = YES_ERROR;
				GCC_WARN_UNDECLARED_SELECTOR = YES;
				GCC_WARN_UNINITIALIZED_AUTOS = YES_AGGRESSIVE;
				GCC_WARN_UNUSED_FUNCTION = YES;
				GCC_WARN_UNUSED_VARIABLE = YES;
				IPHONEOS_DEPLOYMENT_TARGET = 16.0;
				MTL_ENABLE_DEBUG_INFO = INCLUDE_SOURCE;
				MTL_FAST_MATH = YES;
				ONLY_ACTIVE_ARCH = YES;
				SDKROOT = iphoneos;
				SWIFT_ACTIVE_COMPILATION_CONDITIONS = DEBUG;
				SWIFT_OPTIMIZATION_LEVEL = "-Onone";
			};
			name = Debug;
		};
		E199108629A73E610062C20B /* Release */ = {
			isa = XCBuildConfiguration;
			buildSettings = {
				ALWAYS_SEARCH_USER_PATHS = NO;
				CLANG_ANALYZER_NONNULL = YES;
				CLANG_ANALYZER_NUMBER_OBJECT_CONVERSION = YES_AGGRESSIVE;
				CLANG_CXX_LANGUAGE_STANDARD = "gnu++20";
				CLANG_ENABLE_MODULES = YES;
				CLANG_ENABLE_OBJC_ARC = YES;
				CLANG_ENABLE_OBJC_WEAK = YES;
				CLANG_WARN_BLOCK_CAPTURE_AUTORELEASING = YES;
				CLANG_WARN_BOOL_CONVERSION = YES;
				CLANG_WARN_COMMA = YES;
				CLANG_WARN_CONSTANT_CONVERSION = YES;
				CLANG_WARN_DEPRECATED_OBJC_IMPLEMENTATIONS = YES;
				CLANG_WARN_DIRECT_OBJC_ISA_USAGE = YES_ERROR;
				CLANG_WARN_DOCUMENTATION_COMMENTS = YES;
				CLANG_WARN_EMPTY_BODY = YES;
				CLANG_WARN_ENUM_CONVERSION = YES;
				CLANG_WARN_INFINITE_RECURSION = YES;
				CLANG_WARN_INT_CONVERSION = YES;
				CLANG_WARN_NON_LITERAL_NULL_CONVERSION = YES;
				CLANG_WARN_OBJC_IMPLICIT_RETAIN_SELF = YES;
				CLANG_WARN_OBJC_LITERAL_CONVERSION = YES;
				CLANG_WARN_OBJC_ROOT_CLASS = YES_ERROR;
				CLANG_WARN_QUOTED_INCLUDE_IN_FRAMEWORK_HEADER = YES;
				CLANG_WARN_RANGE_LOOP_ANALYSIS = YES;
				CLANG_WARN_STRICT_PROTOTYPES = YES;
				CLANG_WARN_SUSPICIOUS_MOVE = YES;
				CLANG_WARN_UNGUARDED_AVAILABILITY = YES_AGGRESSIVE;
				CLANG_WARN_UNREACHABLE_CODE = YES;
				CLANG_WARN__DUPLICATE_METHOD_MATCH = YES;
				COPY_PHASE_STRIP = NO;
				DEBUG_INFORMATION_FORMAT = "dwarf-with-dsym";
				ENABLE_NS_ASSERTIONS = NO;
				ENABLE_STRICT_OBJC_MSGSEND = YES;
				GCC_C_LANGUAGE_STANDARD = gnu11;
				GCC_NO_COMMON_BLOCKS = YES;
				GCC_WARN_64_TO_32_BIT_CONVERSION = YES;
				GCC_WARN_ABOUT_RETURN_TYPE = YES_ERROR;
				GCC_WARN_UNDECLARED_SELECTOR = YES;
				GCC_WARN_UNINITIALIZED_AUTOS = YES_AGGRESSIVE;
				GCC_WARN_UNUSED_FUNCTION = YES;
				GCC_WARN_UNUSED_VARIABLE = YES;
				IPHONEOS_DEPLOYMENT_TARGET = 16.0;
				MTL_ENABLE_DEBUG_INFO = NO;
				MTL_FAST_MATH = YES;
				SDKROOT = iphoneos;
				SWIFT_COMPILATION_MODE = wholemodule;
				SWIFT_OPTIMIZATION_LEVEL = "-O";
				VALIDATE_PRODUCT = YES;
			};
			name = Release;
		};
		E199108829A73E610062C20B /* Debug */ = {
			isa = XCBuildConfiguration;
			buildSettings = {
				ASSETCATALOG_COMPILER_APPICON_NAME = AppIcon;
				ASSETCATALOG_COMPILER_GLOBAL_ACCENT_COLOR_NAME = AccentColor;
				CODE_SIGN_STYLE = Automatic;
				CURRENT_PROJECT_VERSION = 1;
				DEVELOPMENT_ASSET_PATHS = "\"Peth/Preview Content\"";
				DEVELOPMENT_TEAM = 8X95FHLL5Y;
				ENABLE_PREVIEWS = YES;
				GENERATE_INFOPLIST_FILE = YES;
				INFOPLIST_KEY_UIApplicationSceneManifest_Generation = YES;
				INFOPLIST_KEY_UIApplicationSupportsIndirectInputEvents = YES;
				INFOPLIST_KEY_UILaunchScreen_Generation = YES;
				INFOPLIST_KEY_UISupportedInterfaceOrientations_iPad = "UIInterfaceOrientationPortrait UIInterfaceOrientationPortraitUpsideDown UIInterfaceOrientationLandscapeLeft UIInterfaceOrientationLandscapeRight";
				INFOPLIST_KEY_UISupportedInterfaceOrientations_iPhone = "UIInterfaceOrientationPortrait UIInterfaceOrientationLandscapeLeft UIInterfaceOrientationLandscapeRight";
				LD_RUNPATH_SEARCH_PATHS = (
					"$(inherited)",
					"@executable_path/Frameworks",
				);
				MARKETING_VERSION = 1.0;
				PRODUCT_BUNDLE_IDENTIFIER = PT.Peth;
				PRODUCT_NAME = "$(TARGET_NAME)";
				SWIFT_EMIT_LOC_STRINGS = YES;
				SWIFT_VERSION = 5.0;
				TARGETED_DEVICE_FAMILY = "1,2";
			};
			name = Debug;
		};
		E199108929A73E610062C20B /* Release */ = {
			isa = XCBuildConfiguration;
			buildSettings = {
				ASSETCATALOG_COMPILER_APPICON_NAME = AppIcon;
				ASSETCATALOG_COMPILER_GLOBAL_ACCENT_COLOR_NAME = AccentColor;
				CODE_SIGN_STYLE = Automatic;
				CURRENT_PROJECT_VERSION = 1;
				DEVELOPMENT_ASSET_PATHS = "\"Peth/Preview Content\"";
				DEVELOPMENT_TEAM = 8X95FHLL5Y;
				ENABLE_PREVIEWS = YES;
				GENERATE_INFOPLIST_FILE = YES;
				INFOPLIST_KEY_UIApplicationSceneManifest_Generation = YES;
				INFOPLIST_KEY_UIApplicationSupportsIndirectInputEvents = YES;
				INFOPLIST_KEY_UILaunchScreen_Generation = YES;
				INFOPLIST_KEY_UISupportedInterfaceOrientations_iPad = "UIInterfaceOrientationPortrait UIInterfaceOrientationPortraitUpsideDown UIInterfaceOrientationLandscapeLeft UIInterfaceOrientationLandscapeRight";
				INFOPLIST_KEY_UISupportedInterfaceOrientations_iPhone = "UIInterfaceOrientationPortrait UIInterfaceOrientationLandscapeLeft UIInterfaceOrientationLandscapeRight";
				LD_RUNPATH_SEARCH_PATHS = (
					"$(inherited)",
					"@executable_path/Frameworks",
				);
				MARKETING_VERSION = 1.0;
				PRODUCT_BUNDLE_IDENTIFIER = PT.Peth;
				PRODUCT_NAME = "$(TARGET_NAME)";
				SWIFT_EMIT_LOC_STRINGS = YES;
				SWIFT_VERSION = 5.0;
				TARGETED_DEVICE_FAMILY = "1,2";
			};
			name = Release;
		};
/* End XCBuildConfiguration section */

/* Begin XCConfigurationList section */
		E199107429A73E5F0062C20B /* Build configuration list for PBXProject "Peth" */ = {
			isa = XCConfigurationList;
			buildConfigurations = (
				E199108529A73E610062C20B /* Debug */,
				E199108629A73E610062C20B /* Release */,
			);
			defaultConfigurationIsVisible = 0;
			defaultConfigurationName = Release;
		};
		E199108729A73E610062C20B /* Build configuration list for PBXNativeTarget "Peth" */ = {
			isa = XCConfigurationList;
			buildConfigurations = (
				E199108829A73E610062C20B /* Debug */,
				E199108929A73E610062C20B /* Release */,
			);
			defaultConfigurationIsVisible = 0;
			defaultConfigurationName = Release;
		};
/* End XCConfigurationList section */

/* Begin XCRemoteSwiftPackageReference section */
		E199109329A741260062C20B /* XCRemoteSwiftPackageReference "keychain-swift" */ = {
			isa = XCRemoteSwiftPackageReference;
			repositoryURL = "https://github.com/evgenyneu/keychain-swift.git";
			requirement = {
				branch = master;
				kind = branch;
			};
		};
		E199109629A741430062C20B /* XCRemoteSwiftPackageReference "web3swift" */ = {
			isa = XCRemoteSwiftPackageReference;
			repositoryURL = "https://github.com/web3swift-team/web3swift.git";
			requirement = {
				branch = develop;
				kind = branch;
			};
		};
/* End XCRemoteSwiftPackageReference section */

/* Begin XCSwiftPackageProductDependency section */
		E199109429A741260062C20B /* KeychainSwift */ = {
			isa = XCSwiftPackageProductDependency;
			package = E199109329A741260062C20B /* XCRemoteSwiftPackageReference "keychain-swift" */;
			productName = KeychainSwift;
		};
		E199109729A741430062C20B /* web3swift */ = {
			isa = XCSwiftPackageProductDependency;
			package = E199109629A741430062C20B /* XCRemoteSwiftPackageReference "web3swift" */;
			productName = web3swift;
		};
/* End XCSwiftPackageProductDependency section */
	};
	rootObject = E199107129A73E5F0062C20B /* Project object */;
}
